
Microsoft Visual Studio Solution File, Format Version 12.00
# Visual Studio 2013
VisualStudioVersion = 12.0.21005.1
MinimumVisualStudioVersion = 10.0.40219.1
Project("{FAE04EC0-301F-11D3-BF4B-00C04F79EFBC}") = "FamilyTasks.Mobile.Api", "FamilyTasks.Mobile.Api\FamilyTasks.Mobile.Api.csproj", "{4848AC4E-02F5-4B45-94F0-EB582E3CD76D}"
EndProject
Project("{FAE04EC0-301F-11D3-BF4B-00C04F79EFBC}") = "FamilyTasks.Mobile.Core", "FamilyTasks.Mobile.Core\FamilyTasks.Mobile.Core.csproj", "{73AF2A36-FBC6-4B9D-B88F-1CB04DC73F95}"
EndProject
Project("{2150E333-8FDC-42A3-9474-1A3956D46DE8}") = "Tests", "Tests", "{29F101C7-86E0-4C7F-A1E0-F53DE7CD097C}"
EndProject
Project("{FAE04EC0-301F-11D3-BF4B-00C04F79EFBC}") = "FamilyTasks.Mobile.WinPhone.UI", "FamilyTasks.Mobile.WinPhone.UI\FamilyTasks.Mobile.WinPhone.UI.csproj", "{67086ACF-4DA3-4349-B0C6-1926D2CE8293}"
EndProject
Project("{FAE04EC0-301F-11D3-BF4B-00C04F79EFBC}") = "FamilyTasks.Mobile.Api.Tests", "FamilyTasks.Mobile.Api.Tests\FamilyTasks.Mobile.Api.Tests.csproj", "{2C886D38-3C2B-48A4-A4C2-DAE03F5DE04D}"
EndProject
Global
	GlobalSection(SolutionConfigurationPlatforms) = preSolution
		Ad-Hoc|Any CPU = Ad-Hoc|Any CPU
		Ad-Hoc|ARM = Ad-Hoc|ARM
		Ad-Hoc|iPhone = Ad-Hoc|iPhone
		Ad-Hoc|iPhoneSimulator = Ad-Hoc|iPhoneSimulator
		Ad-Hoc|Mixed Platforms = Ad-Hoc|Mixed Platforms
		Ad-Hoc|x64 = Ad-Hoc|x64
		Ad-Hoc|x86 = Ad-Hoc|x86
		AppStore|Any CPU = AppStore|Any CPU
		AppStore|ARM = AppStore|ARM
		AppStore|iPhone = AppStore|iPhone
		AppStore|iPhoneSimulator = AppStore|iPhoneSimulator
		AppStore|Mixed Platforms = AppStore|Mixed Platforms
		AppStore|x64 = AppStore|x64
		AppStore|x86 = AppStore|x86
		Debug|Any CPU = Debug|Any CPU
		Debug|ARM = Debug|ARM
		Debug|iPhone = Debug|iPhone
		Debug|iPhoneSimulator = Debug|iPhoneSimulator
		Debug|Mixed Platforms = Debug|Mixed Platforms
		Debug|x64 = Debug|x64
		Debug|x86 = Debug|x86
		Release|Any CPU = Release|Any CPU
		Release|ARM = Release|ARM
		Release|iPhone = Release|iPhone
		Release|iPhoneSimulator = Release|iPhoneSimulator
		Release|Mixed Platforms = Release|Mixed Platforms
		Release|x64 = Release|x64
		Release|x86 = Release|x86
	EndGlobalSection
	GlobalSection(ProjectConfigurationPlatforms) = postSolution
<<<<<<< HEAD
		{F2709E62-0BDD-4749-8437-96E9FDE8B9D0}.Ad-Hoc|Any CPU.ActiveCfg = Release|Any CPU
		{F2709E62-0BDD-4749-8437-96E9FDE8B9D0}.Ad-Hoc|Any CPU.Build.0 = Release|Any CPU
		{F2709E62-0BDD-4749-8437-96E9FDE8B9D0}.Ad-Hoc|Any CPU.Deploy.0 = Release|Any CPU
		{F2709E62-0BDD-4749-8437-96E9FDE8B9D0}.Ad-Hoc|ARM.ActiveCfg = Release|ARM
		{F2709E62-0BDD-4749-8437-96E9FDE8B9D0}.Ad-Hoc|ARM.Build.0 = Release|ARM
		{F2709E62-0BDD-4749-8437-96E9FDE8B9D0}.Ad-Hoc|ARM.Deploy.0 = Release|ARM
		{F2709E62-0BDD-4749-8437-96E9FDE8B9D0}.Ad-Hoc|iPhone.ActiveCfg = Release|Any CPU
		{F2709E62-0BDD-4749-8437-96E9FDE8B9D0}.Ad-Hoc|iPhoneSimulator.ActiveCfg = Release|Any CPU
		{F2709E62-0BDD-4749-8437-96E9FDE8B9D0}.Ad-Hoc|Mixed Platforms.ActiveCfg = Release|x86
		{F2709E62-0BDD-4749-8437-96E9FDE8B9D0}.Ad-Hoc|Mixed Platforms.Build.0 = Release|x86
		{F2709E62-0BDD-4749-8437-96E9FDE8B9D0}.Ad-Hoc|Mixed Platforms.Deploy.0 = Release|x86
		{F2709E62-0BDD-4749-8437-96E9FDE8B9D0}.Ad-Hoc|x86.ActiveCfg = Release|x86
		{F2709E62-0BDD-4749-8437-96E9FDE8B9D0}.Ad-Hoc|x86.Build.0 = Release|x86
		{F2709E62-0BDD-4749-8437-96E9FDE8B9D0}.Ad-Hoc|x86.Deploy.0 = Release|x86
		{F2709E62-0BDD-4749-8437-96E9FDE8B9D0}.AppStore|Any CPU.ActiveCfg = Release|Any CPU
		{F2709E62-0BDD-4749-8437-96E9FDE8B9D0}.AppStore|Any CPU.Build.0 = Release|Any CPU
		{F2709E62-0BDD-4749-8437-96E9FDE8B9D0}.AppStore|Any CPU.Deploy.0 = Release|Any CPU
		{F2709E62-0BDD-4749-8437-96E9FDE8B9D0}.AppStore|ARM.ActiveCfg = Release|ARM
		{F2709E62-0BDD-4749-8437-96E9FDE8B9D0}.AppStore|ARM.Build.0 = Release|ARM
		{F2709E62-0BDD-4749-8437-96E9FDE8B9D0}.AppStore|ARM.Deploy.0 = Release|ARM
		{F2709E62-0BDD-4749-8437-96E9FDE8B9D0}.AppStore|iPhone.ActiveCfg = Release|Any CPU
		{F2709E62-0BDD-4749-8437-96E9FDE8B9D0}.AppStore|iPhoneSimulator.ActiveCfg = Release|Any CPU
		{F2709E62-0BDD-4749-8437-96E9FDE8B9D0}.AppStore|Mixed Platforms.ActiveCfg = Release|x86
		{F2709E62-0BDD-4749-8437-96E9FDE8B9D0}.AppStore|Mixed Platforms.Build.0 = Release|x86
		{F2709E62-0BDD-4749-8437-96E9FDE8B9D0}.AppStore|Mixed Platforms.Deploy.0 = Release|x86
		{F2709E62-0BDD-4749-8437-96E9FDE8B9D0}.AppStore|x86.ActiveCfg = Release|x86
		{F2709E62-0BDD-4749-8437-96E9FDE8B9D0}.AppStore|x86.Build.0 = Release|x86
		{F2709E62-0BDD-4749-8437-96E9FDE8B9D0}.AppStore|x86.Deploy.0 = Release|x86
		{F2709E62-0BDD-4749-8437-96E9FDE8B9D0}.Debug|Any CPU.ActiveCfg = Debug|Any CPU
		{F2709E62-0BDD-4749-8437-96E9FDE8B9D0}.Debug|Any CPU.Build.0 = Debug|Any CPU
		{F2709E62-0BDD-4749-8437-96E9FDE8B9D0}.Debug|Any CPU.Deploy.0 = Debug|Any CPU
		{F2709E62-0BDD-4749-8437-96E9FDE8B9D0}.Debug|ARM.ActiveCfg = Debug|ARM
		{F2709E62-0BDD-4749-8437-96E9FDE8B9D0}.Debug|ARM.Build.0 = Debug|ARM
		{F2709E62-0BDD-4749-8437-96E9FDE8B9D0}.Debug|ARM.Deploy.0 = Debug|ARM
		{F2709E62-0BDD-4749-8437-96E9FDE8B9D0}.Debug|iPhone.ActiveCfg = Debug|Any CPU
		{F2709E62-0BDD-4749-8437-96E9FDE8B9D0}.Debug|iPhoneSimulator.ActiveCfg = Debug|Any CPU
		{F2709E62-0BDD-4749-8437-96E9FDE8B9D0}.Debug|Mixed Platforms.ActiveCfg = Debug|x86
		{F2709E62-0BDD-4749-8437-96E9FDE8B9D0}.Debug|Mixed Platforms.Build.0 = Debug|x86
		{F2709E62-0BDD-4749-8437-96E9FDE8B9D0}.Debug|Mixed Platforms.Deploy.0 = Debug|x86
		{F2709E62-0BDD-4749-8437-96E9FDE8B9D0}.Debug|x86.ActiveCfg = Debug|x86
		{F2709E62-0BDD-4749-8437-96E9FDE8B9D0}.Debug|x86.Build.0 = Debug|x86
		{F2709E62-0BDD-4749-8437-96E9FDE8B9D0}.Debug|x86.Deploy.0 = Debug|x86
		{F2709E62-0BDD-4749-8437-96E9FDE8B9D0}.Release|Any CPU.ActiveCfg = Release|Any CPU
		{F2709E62-0BDD-4749-8437-96E9FDE8B9D0}.Release|Any CPU.Build.0 = Release|Any CPU
		{F2709E62-0BDD-4749-8437-96E9FDE8B9D0}.Release|Any CPU.Deploy.0 = Release|Any CPU
		{F2709E62-0BDD-4749-8437-96E9FDE8B9D0}.Release|ARM.ActiveCfg = Release|ARM
		{F2709E62-0BDD-4749-8437-96E9FDE8B9D0}.Release|ARM.Build.0 = Release|ARM
		{F2709E62-0BDD-4749-8437-96E9FDE8B9D0}.Release|ARM.Deploy.0 = Release|ARM
		{F2709E62-0BDD-4749-8437-96E9FDE8B9D0}.Release|iPhone.ActiveCfg = Release|Any CPU
		{F2709E62-0BDD-4749-8437-96E9FDE8B9D0}.Release|iPhoneSimulator.ActiveCfg = Release|Any CPU
		{F2709E62-0BDD-4749-8437-96E9FDE8B9D0}.Release|Mixed Platforms.ActiveCfg = Release|x86
		{F2709E62-0BDD-4749-8437-96E9FDE8B9D0}.Release|Mixed Platforms.Build.0 = Release|x86
		{F2709E62-0BDD-4749-8437-96E9FDE8B9D0}.Release|Mixed Platforms.Deploy.0 = Release|x86
		{F2709E62-0BDD-4749-8437-96E9FDE8B9D0}.Release|x86.ActiveCfg = Release|x86
		{F2709E62-0BDD-4749-8437-96E9FDE8B9D0}.Release|x86.Build.0 = Release|x86
		{F2709E62-0BDD-4749-8437-96E9FDE8B9D0}.Release|x86.Deploy.0 = Release|x86
		{67665A7D-A825-4FEE-A845-1280C5CC041C}.Ad-Hoc|Any CPU.ActiveCfg = Ad-Hoc|iPhone
		{67665A7D-A825-4FEE-A845-1280C5CC041C}.Ad-Hoc|ARM.ActiveCfg = Ad-Hoc|iPhone
		{67665A7D-A825-4FEE-A845-1280C5CC041C}.Ad-Hoc|iPhone.ActiveCfg = Ad-Hoc|iPhone
		{67665A7D-A825-4FEE-A845-1280C5CC041C}.Ad-Hoc|iPhone.Build.0 = Ad-Hoc|iPhone
		{67665A7D-A825-4FEE-A845-1280C5CC041C}.Ad-Hoc|iPhone.Deploy.0 = Ad-Hoc|iPhone
		{67665A7D-A825-4FEE-A845-1280C5CC041C}.Ad-Hoc|iPhoneSimulator.ActiveCfg = Ad-Hoc|iPhoneSimulator
		{67665A7D-A825-4FEE-A845-1280C5CC041C}.Ad-Hoc|iPhoneSimulator.Build.0 = Ad-Hoc|iPhoneSimulator
		{67665A7D-A825-4FEE-A845-1280C5CC041C}.Ad-Hoc|iPhoneSimulator.Deploy.0 = Ad-Hoc|iPhoneSimulator
		{67665A7D-A825-4FEE-A845-1280C5CC041C}.Ad-Hoc|Mixed Platforms.ActiveCfg = Ad-Hoc|iPhone
		{67665A7D-A825-4FEE-A845-1280C5CC041C}.Ad-Hoc|Mixed Platforms.Build.0 = Ad-Hoc|iPhone
		{67665A7D-A825-4FEE-A845-1280C5CC041C}.Ad-Hoc|Mixed Platforms.Deploy.0 = Ad-Hoc|iPhone
		{67665A7D-A825-4FEE-A845-1280C5CC041C}.Ad-Hoc|x86.ActiveCfg = Ad-Hoc|iPhone
		{67665A7D-A825-4FEE-A845-1280C5CC041C}.AppStore|Any CPU.ActiveCfg = AppStore|iPhone
		{67665A7D-A825-4FEE-A845-1280C5CC041C}.AppStore|ARM.ActiveCfg = AppStore|iPhone
		{67665A7D-A825-4FEE-A845-1280C5CC041C}.AppStore|iPhone.ActiveCfg = AppStore|iPhone
		{67665A7D-A825-4FEE-A845-1280C5CC041C}.AppStore|iPhone.Build.0 = AppStore|iPhone
		{67665A7D-A825-4FEE-A845-1280C5CC041C}.AppStore|iPhone.Deploy.0 = AppStore|iPhone
		{67665A7D-A825-4FEE-A845-1280C5CC041C}.AppStore|iPhoneSimulator.ActiveCfg = AppStore|iPhoneSimulator
		{67665A7D-A825-4FEE-A845-1280C5CC041C}.AppStore|iPhoneSimulator.Build.0 = AppStore|iPhoneSimulator
		{67665A7D-A825-4FEE-A845-1280C5CC041C}.AppStore|iPhoneSimulator.Deploy.0 = AppStore|iPhoneSimulator
		{67665A7D-A825-4FEE-A845-1280C5CC041C}.AppStore|Mixed Platforms.ActiveCfg = AppStore|iPhone
		{67665A7D-A825-4FEE-A845-1280C5CC041C}.AppStore|Mixed Platforms.Build.0 = AppStore|iPhone
		{67665A7D-A825-4FEE-A845-1280C5CC041C}.AppStore|Mixed Platforms.Deploy.0 = AppStore|iPhone
		{67665A7D-A825-4FEE-A845-1280C5CC041C}.AppStore|x86.ActiveCfg = AppStore|iPhone
		{67665A7D-A825-4FEE-A845-1280C5CC041C}.Debug|Any CPU.ActiveCfg = Debug|iPhone
		{67665A7D-A825-4FEE-A845-1280C5CC041C}.Debug|ARM.ActiveCfg = Debug|iPhone
		{67665A7D-A825-4FEE-A845-1280C5CC041C}.Debug|iPhone.ActiveCfg = Debug|iPhone
		{67665A7D-A825-4FEE-A845-1280C5CC041C}.Debug|iPhone.Build.0 = Debug|iPhone
		{67665A7D-A825-4FEE-A845-1280C5CC041C}.Debug|iPhone.Deploy.0 = Debug|iPhone
		{67665A7D-A825-4FEE-A845-1280C5CC041C}.Debug|iPhoneSimulator.ActiveCfg = Debug|iPhoneSimulator
		{67665A7D-A825-4FEE-A845-1280C5CC041C}.Debug|iPhoneSimulator.Build.0 = Debug|iPhoneSimulator
		{67665A7D-A825-4FEE-A845-1280C5CC041C}.Debug|iPhoneSimulator.Deploy.0 = Debug|iPhoneSimulator
		{67665A7D-A825-4FEE-A845-1280C5CC041C}.Debug|Mixed Platforms.ActiveCfg = Debug|iPhone
		{67665A7D-A825-4FEE-A845-1280C5CC041C}.Debug|Mixed Platforms.Build.0 = Debug|iPhone
		{67665A7D-A825-4FEE-A845-1280C5CC041C}.Debug|Mixed Platforms.Deploy.0 = Debug|iPhone
		{67665A7D-A825-4FEE-A845-1280C5CC041C}.Debug|x86.ActiveCfg = Debug|iPhone
		{67665A7D-A825-4FEE-A845-1280C5CC041C}.Release|Any CPU.ActiveCfg = Release|iPhone
		{67665A7D-A825-4FEE-A845-1280C5CC041C}.Release|ARM.ActiveCfg = Release|iPhone
		{67665A7D-A825-4FEE-A845-1280C5CC041C}.Release|iPhone.ActiveCfg = Release|iPhone
		{67665A7D-A825-4FEE-A845-1280C5CC041C}.Release|iPhone.Build.0 = Release|iPhone
		{67665A7D-A825-4FEE-A845-1280C5CC041C}.Release|iPhone.Deploy.0 = Release|iPhone
		{67665A7D-A825-4FEE-A845-1280C5CC041C}.Release|iPhoneSimulator.ActiveCfg = Release|iPhoneSimulator
		{67665A7D-A825-4FEE-A845-1280C5CC041C}.Release|iPhoneSimulator.Build.0 = Release|iPhoneSimulator
		{67665A7D-A825-4FEE-A845-1280C5CC041C}.Release|iPhoneSimulator.Deploy.0 = Release|iPhoneSimulator
		{67665A7D-A825-4FEE-A845-1280C5CC041C}.Release|Mixed Platforms.ActiveCfg = Release|iPhone
		{67665A7D-A825-4FEE-A845-1280C5CC041C}.Release|Mixed Platforms.Build.0 = Release|iPhone
		{67665A7D-A825-4FEE-A845-1280C5CC041C}.Release|Mixed Platforms.Deploy.0 = Release|iPhone
		{67665A7D-A825-4FEE-A845-1280C5CC041C}.Release|x86.ActiveCfg = Release|iPhone
		{9FF8CFC2-65AC-4FED-AA9A-FBE201714689}.Ad-Hoc|Any CPU.ActiveCfg = Release|Any CPU
		{9FF8CFC2-65AC-4FED-AA9A-FBE201714689}.Ad-Hoc|Any CPU.Build.0 = Release|Any CPU
		{9FF8CFC2-65AC-4FED-AA9A-FBE201714689}.Ad-Hoc|Any CPU.Deploy.0 = Release|Any CPU
		{9FF8CFC2-65AC-4FED-AA9A-FBE201714689}.Ad-Hoc|ARM.ActiveCfg = Release|Any CPU
		{9FF8CFC2-65AC-4FED-AA9A-FBE201714689}.Ad-Hoc|iPhone.ActiveCfg = Release|Any CPU
		{9FF8CFC2-65AC-4FED-AA9A-FBE201714689}.Ad-Hoc|iPhoneSimulator.ActiveCfg = Release|Any CPU
		{9FF8CFC2-65AC-4FED-AA9A-FBE201714689}.Ad-Hoc|Mixed Platforms.ActiveCfg = Release|Any CPU
		{9FF8CFC2-65AC-4FED-AA9A-FBE201714689}.Ad-Hoc|Mixed Platforms.Build.0 = Release|Any CPU
		{9FF8CFC2-65AC-4FED-AA9A-FBE201714689}.Ad-Hoc|Mixed Platforms.Deploy.0 = Release|Any CPU
		{9FF8CFC2-65AC-4FED-AA9A-FBE201714689}.Ad-Hoc|x86.ActiveCfg = Release|Any CPU
		{9FF8CFC2-65AC-4FED-AA9A-FBE201714689}.AppStore|Any CPU.ActiveCfg = Release|Any CPU
		{9FF8CFC2-65AC-4FED-AA9A-FBE201714689}.AppStore|Any CPU.Build.0 = Release|Any CPU
		{9FF8CFC2-65AC-4FED-AA9A-FBE201714689}.AppStore|Any CPU.Deploy.0 = Release|Any CPU
		{9FF8CFC2-65AC-4FED-AA9A-FBE201714689}.AppStore|ARM.ActiveCfg = Release|Any CPU
		{9FF8CFC2-65AC-4FED-AA9A-FBE201714689}.AppStore|iPhone.ActiveCfg = Release|Any CPU
		{9FF8CFC2-65AC-4FED-AA9A-FBE201714689}.AppStore|iPhoneSimulator.ActiveCfg = Release|Any CPU
		{9FF8CFC2-65AC-4FED-AA9A-FBE201714689}.AppStore|Mixed Platforms.ActiveCfg = Release|Any CPU
		{9FF8CFC2-65AC-4FED-AA9A-FBE201714689}.AppStore|Mixed Platforms.Build.0 = Release|Any CPU
		{9FF8CFC2-65AC-4FED-AA9A-FBE201714689}.AppStore|Mixed Platforms.Deploy.0 = Release|Any CPU
		{9FF8CFC2-65AC-4FED-AA9A-FBE201714689}.AppStore|x86.ActiveCfg = Release|Any CPU
		{9FF8CFC2-65AC-4FED-AA9A-FBE201714689}.Debug|Any CPU.ActiveCfg = Debug|Any CPU
		{9FF8CFC2-65AC-4FED-AA9A-FBE201714689}.Debug|Any CPU.Build.0 = Debug|Any CPU
		{9FF8CFC2-65AC-4FED-AA9A-FBE201714689}.Debug|Any CPU.Deploy.0 = Debug|Any CPU
		{9FF8CFC2-65AC-4FED-AA9A-FBE201714689}.Debug|ARM.ActiveCfg = Debug|Any CPU
		{9FF8CFC2-65AC-4FED-AA9A-FBE201714689}.Debug|iPhone.ActiveCfg = Debug|Any CPU
		{9FF8CFC2-65AC-4FED-AA9A-FBE201714689}.Debug|iPhoneSimulator.ActiveCfg = Debug|Any CPU
		{9FF8CFC2-65AC-4FED-AA9A-FBE201714689}.Debug|Mixed Platforms.ActiveCfg = Debug|Any CPU
		{9FF8CFC2-65AC-4FED-AA9A-FBE201714689}.Debug|Mixed Platforms.Build.0 = Debug|Any CPU
		{9FF8CFC2-65AC-4FED-AA9A-FBE201714689}.Debug|Mixed Platforms.Deploy.0 = Debug|Any CPU
		{9FF8CFC2-65AC-4FED-AA9A-FBE201714689}.Debug|x86.ActiveCfg = Debug|Any CPU
		{9FF8CFC2-65AC-4FED-AA9A-FBE201714689}.Release|Any CPU.ActiveCfg = Release|Any CPU
		{9FF8CFC2-65AC-4FED-AA9A-FBE201714689}.Release|Any CPU.Build.0 = Release|Any CPU
		{9FF8CFC2-65AC-4FED-AA9A-FBE201714689}.Release|Any CPU.Deploy.0 = Release|Any CPU
		{9FF8CFC2-65AC-4FED-AA9A-FBE201714689}.Release|ARM.ActiveCfg = Release|Any CPU
		{9FF8CFC2-65AC-4FED-AA9A-FBE201714689}.Release|iPhone.ActiveCfg = Release|Any CPU
		{9FF8CFC2-65AC-4FED-AA9A-FBE201714689}.Release|iPhoneSimulator.ActiveCfg = Release|Any CPU
		{9FF8CFC2-65AC-4FED-AA9A-FBE201714689}.Release|Mixed Platforms.ActiveCfg = Release|Any CPU
		{9FF8CFC2-65AC-4FED-AA9A-FBE201714689}.Release|Mixed Platforms.Build.0 = Release|Any CPU
		{9FF8CFC2-65AC-4FED-AA9A-FBE201714689}.Release|Mixed Platforms.Deploy.0 = Release|Any CPU
		{9FF8CFC2-65AC-4FED-AA9A-FBE201714689}.Release|x86.ActiveCfg = Release|Any CPU
=======
>>>>>>> d79e8e5744f69f4dc8000f805cab31dde68858b8
		{4848AC4E-02F5-4B45-94F0-EB582E3CD76D}.Ad-Hoc|Any CPU.ActiveCfg = Release|Any CPU
		{4848AC4E-02F5-4B45-94F0-EB582E3CD76D}.Ad-Hoc|Any CPU.Build.0 = Release|Any CPU
		{4848AC4E-02F5-4B45-94F0-EB582E3CD76D}.Ad-Hoc|ARM.ActiveCfg = Release|Any CPU
		{4848AC4E-02F5-4B45-94F0-EB582E3CD76D}.Ad-Hoc|iPhone.ActiveCfg = Release|Any CPU
		{4848AC4E-02F5-4B45-94F0-EB582E3CD76D}.Ad-Hoc|iPhoneSimulator.ActiveCfg = Release|Any CPU
		{4848AC4E-02F5-4B45-94F0-EB582E3CD76D}.Ad-Hoc|Mixed Platforms.ActiveCfg = Release|Any CPU
		{4848AC4E-02F5-4B45-94F0-EB582E3CD76D}.Ad-Hoc|Mixed Platforms.Build.0 = Release|Any CPU
		{4848AC4E-02F5-4B45-94F0-EB582E3CD76D}.Ad-Hoc|x64.ActiveCfg = Debug|Any CPU
		{4848AC4E-02F5-4B45-94F0-EB582E3CD76D}.Ad-Hoc|x86.ActiveCfg = Release|Any CPU
		{4848AC4E-02F5-4B45-94F0-EB582E3CD76D}.AppStore|Any CPU.ActiveCfg = Release|Any CPU
		{4848AC4E-02F5-4B45-94F0-EB582E3CD76D}.AppStore|Any CPU.Build.0 = Release|Any CPU
		{4848AC4E-02F5-4B45-94F0-EB582E3CD76D}.AppStore|ARM.ActiveCfg = Release|Any CPU
		{4848AC4E-02F5-4B45-94F0-EB582E3CD76D}.AppStore|iPhone.ActiveCfg = Release|Any CPU
		{4848AC4E-02F5-4B45-94F0-EB582E3CD76D}.AppStore|iPhoneSimulator.ActiveCfg = Release|Any CPU
		{4848AC4E-02F5-4B45-94F0-EB582E3CD76D}.AppStore|Mixed Platforms.ActiveCfg = Release|Any CPU
		{4848AC4E-02F5-4B45-94F0-EB582E3CD76D}.AppStore|Mixed Platforms.Build.0 = Release|Any CPU
		{4848AC4E-02F5-4B45-94F0-EB582E3CD76D}.AppStore|x64.ActiveCfg = Debug|Any CPU
		{4848AC4E-02F5-4B45-94F0-EB582E3CD76D}.AppStore|x86.ActiveCfg = Release|Any CPU
		{4848AC4E-02F5-4B45-94F0-EB582E3CD76D}.Debug|Any CPU.ActiveCfg = Debug|Any CPU
		{4848AC4E-02F5-4B45-94F0-EB582E3CD76D}.Debug|Any CPU.Build.0 = Debug|Any CPU
		{4848AC4E-02F5-4B45-94F0-EB582E3CD76D}.Debug|ARM.ActiveCfg = Debug|Any CPU
		{4848AC4E-02F5-4B45-94F0-EB582E3CD76D}.Debug|iPhone.ActiveCfg = Debug|Any CPU
		{4848AC4E-02F5-4B45-94F0-EB582E3CD76D}.Debug|iPhoneSimulator.ActiveCfg = Debug|Any CPU
		{4848AC4E-02F5-4B45-94F0-EB582E3CD76D}.Debug|Mixed Platforms.ActiveCfg = Debug|Any CPU
		{4848AC4E-02F5-4B45-94F0-EB582E3CD76D}.Debug|Mixed Platforms.Build.0 = Debug|Any CPU
		{4848AC4E-02F5-4B45-94F0-EB582E3CD76D}.Debug|x64.ActiveCfg = Debug|Any CPU
		{4848AC4E-02F5-4B45-94F0-EB582E3CD76D}.Debug|x86.ActiveCfg = Debug|Any CPU
		{4848AC4E-02F5-4B45-94F0-EB582E3CD76D}.Release|Any CPU.ActiveCfg = Release|Any CPU
		{4848AC4E-02F5-4B45-94F0-EB582E3CD76D}.Release|Any CPU.Build.0 = Release|Any CPU
		{4848AC4E-02F5-4B45-94F0-EB582E3CD76D}.Release|ARM.ActiveCfg = Release|Any CPU
		{4848AC4E-02F5-4B45-94F0-EB582E3CD76D}.Release|iPhone.ActiveCfg = Release|Any CPU
		{4848AC4E-02F5-4B45-94F0-EB582E3CD76D}.Release|iPhoneSimulator.ActiveCfg = Release|Any CPU
		{4848AC4E-02F5-4B45-94F0-EB582E3CD76D}.Release|Mixed Platforms.ActiveCfg = Release|Any CPU
		{4848AC4E-02F5-4B45-94F0-EB582E3CD76D}.Release|Mixed Platforms.Build.0 = Release|Any CPU
		{4848AC4E-02F5-4B45-94F0-EB582E3CD76D}.Release|x64.ActiveCfg = Release|Any CPU
		{4848AC4E-02F5-4B45-94F0-EB582E3CD76D}.Release|x86.ActiveCfg = Release|Any CPU
		{73AF2A36-FBC6-4B9D-B88F-1CB04DC73F95}.Ad-Hoc|Any CPU.ActiveCfg = Release|Any CPU
		{73AF2A36-FBC6-4B9D-B88F-1CB04DC73F95}.Ad-Hoc|Any CPU.Build.0 = Release|Any CPU
		{73AF2A36-FBC6-4B9D-B88F-1CB04DC73F95}.Ad-Hoc|ARM.ActiveCfg = Release|Any CPU
		{73AF2A36-FBC6-4B9D-B88F-1CB04DC73F95}.Ad-Hoc|iPhone.ActiveCfg = Release|Any CPU
		{73AF2A36-FBC6-4B9D-B88F-1CB04DC73F95}.Ad-Hoc|iPhoneSimulator.ActiveCfg = Release|Any CPU
		{73AF2A36-FBC6-4B9D-B88F-1CB04DC73F95}.Ad-Hoc|Mixed Platforms.ActiveCfg = Release|Any CPU
		{73AF2A36-FBC6-4B9D-B88F-1CB04DC73F95}.Ad-Hoc|Mixed Platforms.Build.0 = Release|Any CPU
		{73AF2A36-FBC6-4B9D-B88F-1CB04DC73F95}.Ad-Hoc|x64.ActiveCfg = Debug|Any CPU
		{73AF2A36-FBC6-4B9D-B88F-1CB04DC73F95}.Ad-Hoc|x86.ActiveCfg = Release|Any CPU
		{73AF2A36-FBC6-4B9D-B88F-1CB04DC73F95}.AppStore|Any CPU.ActiveCfg = Release|Any CPU
		{73AF2A36-FBC6-4B9D-B88F-1CB04DC73F95}.AppStore|Any CPU.Build.0 = Release|Any CPU
		{73AF2A36-FBC6-4B9D-B88F-1CB04DC73F95}.AppStore|ARM.ActiveCfg = Release|Any CPU
		{73AF2A36-FBC6-4B9D-B88F-1CB04DC73F95}.AppStore|iPhone.ActiveCfg = Release|Any CPU
		{73AF2A36-FBC6-4B9D-B88F-1CB04DC73F95}.AppStore|iPhoneSimulator.ActiveCfg = Release|Any CPU
		{73AF2A36-FBC6-4B9D-B88F-1CB04DC73F95}.AppStore|Mixed Platforms.ActiveCfg = Release|Any CPU
		{73AF2A36-FBC6-4B9D-B88F-1CB04DC73F95}.AppStore|Mixed Platforms.Build.0 = Release|Any CPU
		{73AF2A36-FBC6-4B9D-B88F-1CB04DC73F95}.AppStore|x64.ActiveCfg = Debug|Any CPU
		{73AF2A36-FBC6-4B9D-B88F-1CB04DC73F95}.AppStore|x86.ActiveCfg = Release|Any CPU
		{73AF2A36-FBC6-4B9D-B88F-1CB04DC73F95}.Debug|Any CPU.ActiveCfg = Debug|Any CPU
		{73AF2A36-FBC6-4B9D-B88F-1CB04DC73F95}.Debug|Any CPU.Build.0 = Debug|Any CPU
		{73AF2A36-FBC6-4B9D-B88F-1CB04DC73F95}.Debug|ARM.ActiveCfg = Debug|Any CPU
		{73AF2A36-FBC6-4B9D-B88F-1CB04DC73F95}.Debug|iPhone.ActiveCfg = Debug|Any CPU
		{73AF2A36-FBC6-4B9D-B88F-1CB04DC73F95}.Debug|iPhoneSimulator.ActiveCfg = Debug|Any CPU
		{73AF2A36-FBC6-4B9D-B88F-1CB04DC73F95}.Debug|Mixed Platforms.ActiveCfg = Debug|Any CPU
		{73AF2A36-FBC6-4B9D-B88F-1CB04DC73F95}.Debug|Mixed Platforms.Build.0 = Debug|Any CPU
		{73AF2A36-FBC6-4B9D-B88F-1CB04DC73F95}.Debug|x64.ActiveCfg = Debug|Any CPU
		{73AF2A36-FBC6-4B9D-B88F-1CB04DC73F95}.Debug|x86.ActiveCfg = Debug|Any CPU
		{73AF2A36-FBC6-4B9D-B88F-1CB04DC73F95}.Release|Any CPU.ActiveCfg = Release|Any CPU
		{73AF2A36-FBC6-4B9D-B88F-1CB04DC73F95}.Release|Any CPU.Build.0 = Release|Any CPU
		{73AF2A36-FBC6-4B9D-B88F-1CB04DC73F95}.Release|ARM.ActiveCfg = Release|Any CPU
		{73AF2A36-FBC6-4B9D-B88F-1CB04DC73F95}.Release|iPhone.ActiveCfg = Release|Any CPU
		{73AF2A36-FBC6-4B9D-B88F-1CB04DC73F95}.Release|iPhoneSimulator.ActiveCfg = Release|Any CPU
		{73AF2A36-FBC6-4B9D-B88F-1CB04DC73F95}.Release|Mixed Platforms.ActiveCfg = Release|Any CPU
		{73AF2A36-FBC6-4B9D-B88F-1CB04DC73F95}.Release|Mixed Platforms.Build.0 = Release|Any CPU
		{73AF2A36-FBC6-4B9D-B88F-1CB04DC73F95}.Release|x64.ActiveCfg = Release|Any CPU
		{73AF2A36-FBC6-4B9D-B88F-1CB04DC73F95}.Release|x86.ActiveCfg = Release|Any CPU
		{67086ACF-4DA3-4349-B0C6-1926D2CE8293}.Ad-Hoc|Any CPU.ActiveCfg = Release|Any CPU
		{67086ACF-4DA3-4349-B0C6-1926D2CE8293}.Ad-Hoc|Any CPU.Build.0 = Release|Any CPU
		{67086ACF-4DA3-4349-B0C6-1926D2CE8293}.Ad-Hoc|Any CPU.Deploy.0 = Release|Any CPU
		{67086ACF-4DA3-4349-B0C6-1926D2CE8293}.Ad-Hoc|ARM.ActiveCfg = Release|ARM
		{67086ACF-4DA3-4349-B0C6-1926D2CE8293}.Ad-Hoc|ARM.Build.0 = Release|ARM
		{67086ACF-4DA3-4349-B0C6-1926D2CE8293}.Ad-Hoc|ARM.Deploy.0 = Release|ARM
		{67086ACF-4DA3-4349-B0C6-1926D2CE8293}.Ad-Hoc|iPhone.ActiveCfg = Release|Any CPU
		{67086ACF-4DA3-4349-B0C6-1926D2CE8293}.Ad-Hoc|iPhoneSimulator.ActiveCfg = Release|Any CPU
		{67086ACF-4DA3-4349-B0C6-1926D2CE8293}.Ad-Hoc|Mixed Platforms.ActiveCfg = Release|x86
		{67086ACF-4DA3-4349-B0C6-1926D2CE8293}.Ad-Hoc|Mixed Platforms.Build.0 = Release|x86
		{67086ACF-4DA3-4349-B0C6-1926D2CE8293}.Ad-Hoc|Mixed Platforms.Deploy.0 = Release|x86
		{67086ACF-4DA3-4349-B0C6-1926D2CE8293}.Ad-Hoc|x64.ActiveCfg = Release|Any CPU
		{67086ACF-4DA3-4349-B0C6-1926D2CE8293}.Ad-Hoc|x86.ActiveCfg = Release|x86
		{67086ACF-4DA3-4349-B0C6-1926D2CE8293}.Ad-Hoc|x86.Build.0 = Release|x86
		{67086ACF-4DA3-4349-B0C6-1926D2CE8293}.Ad-Hoc|x86.Deploy.0 = Release|x86
		{67086ACF-4DA3-4349-B0C6-1926D2CE8293}.AppStore|Any CPU.ActiveCfg = Release|Any CPU
		{67086ACF-4DA3-4349-B0C6-1926D2CE8293}.AppStore|Any CPU.Build.0 = Release|Any CPU
		{67086ACF-4DA3-4349-B0C6-1926D2CE8293}.AppStore|Any CPU.Deploy.0 = Release|Any CPU
		{67086ACF-4DA3-4349-B0C6-1926D2CE8293}.AppStore|ARM.ActiveCfg = Release|ARM
		{67086ACF-4DA3-4349-B0C6-1926D2CE8293}.AppStore|ARM.Build.0 = Release|ARM
		{67086ACF-4DA3-4349-B0C6-1926D2CE8293}.AppStore|ARM.Deploy.0 = Release|ARM
		{67086ACF-4DA3-4349-B0C6-1926D2CE8293}.AppStore|iPhone.ActiveCfg = Release|Any CPU
		{67086ACF-4DA3-4349-B0C6-1926D2CE8293}.AppStore|iPhoneSimulator.ActiveCfg = Release|Any CPU
		{67086ACF-4DA3-4349-B0C6-1926D2CE8293}.AppStore|Mixed Platforms.ActiveCfg = Release|x86
		{67086ACF-4DA3-4349-B0C6-1926D2CE8293}.AppStore|Mixed Platforms.Build.0 = Release|x86
		{67086ACF-4DA3-4349-B0C6-1926D2CE8293}.AppStore|Mixed Platforms.Deploy.0 = Release|x86
		{67086ACF-4DA3-4349-B0C6-1926D2CE8293}.AppStore|x64.ActiveCfg = Release|Any CPU
		{67086ACF-4DA3-4349-B0C6-1926D2CE8293}.AppStore|x86.ActiveCfg = Release|x86
		{67086ACF-4DA3-4349-B0C6-1926D2CE8293}.AppStore|x86.Build.0 = Release|x86
		{67086ACF-4DA3-4349-B0C6-1926D2CE8293}.AppStore|x86.Deploy.0 = Release|x86
		{67086ACF-4DA3-4349-B0C6-1926D2CE8293}.Debug|Any CPU.ActiveCfg = Debug|Any CPU
		{67086ACF-4DA3-4349-B0C6-1926D2CE8293}.Debug|Any CPU.Build.0 = Debug|Any CPU
		{67086ACF-4DA3-4349-B0C6-1926D2CE8293}.Debug|Any CPU.Deploy.0 = Debug|Any CPU
		{67086ACF-4DA3-4349-B0C6-1926D2CE8293}.Debug|ARM.ActiveCfg = Debug|ARM
		{67086ACF-4DA3-4349-B0C6-1926D2CE8293}.Debug|ARM.Build.0 = Debug|ARM
		{67086ACF-4DA3-4349-B0C6-1926D2CE8293}.Debug|ARM.Deploy.0 = Debug|ARM
		{67086ACF-4DA3-4349-B0C6-1926D2CE8293}.Debug|iPhone.ActiveCfg = Debug|Any CPU
		{67086ACF-4DA3-4349-B0C6-1926D2CE8293}.Debug|iPhoneSimulator.ActiveCfg = Debug|Any CPU
		{67086ACF-4DA3-4349-B0C6-1926D2CE8293}.Debug|Mixed Platforms.ActiveCfg = Debug|ARM
		{67086ACF-4DA3-4349-B0C6-1926D2CE8293}.Debug|Mixed Platforms.Build.0 = Debug|ARM
		{67086ACF-4DA3-4349-B0C6-1926D2CE8293}.Debug|Mixed Platforms.Deploy.0 = Debug|ARM
		{67086ACF-4DA3-4349-B0C6-1926D2CE8293}.Debug|x64.ActiveCfg = Debug|Any CPU
		{67086ACF-4DA3-4349-B0C6-1926D2CE8293}.Debug|x86.ActiveCfg = Debug|x86
		{67086ACF-4DA3-4349-B0C6-1926D2CE8293}.Debug|x86.Build.0 = Debug|x86
		{67086ACF-4DA3-4349-B0C6-1926D2CE8293}.Debug|x86.Deploy.0 = Debug|x86
		{67086ACF-4DA3-4349-B0C6-1926D2CE8293}.Release|Any CPU.ActiveCfg = Release|Any CPU
		{67086ACF-4DA3-4349-B0C6-1926D2CE8293}.Release|Any CPU.Build.0 = Release|Any CPU
		{67086ACF-4DA3-4349-B0C6-1926D2CE8293}.Release|Any CPU.Deploy.0 = Release|Any CPU
		{67086ACF-4DA3-4349-B0C6-1926D2CE8293}.Release|ARM.ActiveCfg = Release|ARM
		{67086ACF-4DA3-4349-B0C6-1926D2CE8293}.Release|ARM.Build.0 = Release|ARM
		{67086ACF-4DA3-4349-B0C6-1926D2CE8293}.Release|ARM.Deploy.0 = Release|ARM
		{67086ACF-4DA3-4349-B0C6-1926D2CE8293}.Release|iPhone.ActiveCfg = Release|Any CPU
		{67086ACF-4DA3-4349-B0C6-1926D2CE8293}.Release|iPhoneSimulator.ActiveCfg = Release|Any CPU
		{67086ACF-4DA3-4349-B0C6-1926D2CE8293}.Release|Mixed Platforms.ActiveCfg = Release|x86
		{67086ACF-4DA3-4349-B0C6-1926D2CE8293}.Release|Mixed Platforms.Build.0 = Release|x86
		{67086ACF-4DA3-4349-B0C6-1926D2CE8293}.Release|Mixed Platforms.Deploy.0 = Release|x86
		{67086ACF-4DA3-4349-B0C6-1926D2CE8293}.Release|x64.ActiveCfg = Release|Any CPU
		{67086ACF-4DA3-4349-B0C6-1926D2CE8293}.Release|x86.ActiveCfg = Release|x86
		{67086ACF-4DA3-4349-B0C6-1926D2CE8293}.Release|x86.Build.0 = Release|x86
		{67086ACF-4DA3-4349-B0C6-1926D2CE8293}.Release|x86.Deploy.0 = Release|x86
		{2C886D38-3C2B-48A4-A4C2-DAE03F5DE04D}.Ad-Hoc|Any CPU.ActiveCfg = Release|Any CPU
		{2C886D38-3C2B-48A4-A4C2-DAE03F5DE04D}.Ad-Hoc|Any CPU.Build.0 = Release|Any CPU
		{2C886D38-3C2B-48A4-A4C2-DAE03F5DE04D}.Ad-Hoc|ARM.ActiveCfg = Release|Any CPU
		{2C886D38-3C2B-48A4-A4C2-DAE03F5DE04D}.Ad-Hoc|iPhone.ActiveCfg = Release|Any CPU
		{2C886D38-3C2B-48A4-A4C2-DAE03F5DE04D}.Ad-Hoc|iPhoneSimulator.ActiveCfg = Release|Any CPU
		{2C886D38-3C2B-48A4-A4C2-DAE03F5DE04D}.Ad-Hoc|Mixed Platforms.ActiveCfg = Release|Any CPU
		{2C886D38-3C2B-48A4-A4C2-DAE03F5DE04D}.Ad-Hoc|Mixed Platforms.Build.0 = Release|Any CPU
		{2C886D38-3C2B-48A4-A4C2-DAE03F5DE04D}.Ad-Hoc|x64.ActiveCfg = Release|Any CPU
		{2C886D38-3C2B-48A4-A4C2-DAE03F5DE04D}.Ad-Hoc|x86.ActiveCfg = Release|Any CPU
		{2C886D38-3C2B-48A4-A4C2-DAE03F5DE04D}.AppStore|Any CPU.ActiveCfg = Release|Any CPU
		{2C886D38-3C2B-48A4-A4C2-DAE03F5DE04D}.AppStore|Any CPU.Build.0 = Release|Any CPU
		{2C886D38-3C2B-48A4-A4C2-DAE03F5DE04D}.AppStore|ARM.ActiveCfg = Release|Any CPU
		{2C886D38-3C2B-48A4-A4C2-DAE03F5DE04D}.AppStore|iPhone.ActiveCfg = Release|Any CPU
		{2C886D38-3C2B-48A4-A4C2-DAE03F5DE04D}.AppStore|iPhoneSimulator.ActiveCfg = Release|Any CPU
		{2C886D38-3C2B-48A4-A4C2-DAE03F5DE04D}.AppStore|Mixed Platforms.ActiveCfg = Release|Any CPU
		{2C886D38-3C2B-48A4-A4C2-DAE03F5DE04D}.AppStore|Mixed Platforms.Build.0 = Release|Any CPU
		{2C886D38-3C2B-48A4-A4C2-DAE03F5DE04D}.AppStore|x64.ActiveCfg = Release|Any CPU
		{2C886D38-3C2B-48A4-A4C2-DAE03F5DE04D}.AppStore|x86.ActiveCfg = Release|Any CPU
		{2C886D38-3C2B-48A4-A4C2-DAE03F5DE04D}.Debug|Any CPU.ActiveCfg = Debug|Any CPU
		{2C886D38-3C2B-48A4-A4C2-DAE03F5DE04D}.Debug|Any CPU.Build.0 = Debug|Any CPU
		{2C886D38-3C2B-48A4-A4C2-DAE03F5DE04D}.Debug|ARM.ActiveCfg = Debug|Any CPU
		{2C886D38-3C2B-48A4-A4C2-DAE03F5DE04D}.Debug|iPhone.ActiveCfg = Debug|Any CPU
		{2C886D38-3C2B-48A4-A4C2-DAE03F5DE04D}.Debug|iPhoneSimulator.ActiveCfg = Debug|Any CPU
		{2C886D38-3C2B-48A4-A4C2-DAE03F5DE04D}.Debug|Mixed Platforms.ActiveCfg = Debug|Any CPU
		{2C886D38-3C2B-48A4-A4C2-DAE03F5DE04D}.Debug|Mixed Platforms.Build.0 = Debug|Any CPU
		{2C886D38-3C2B-48A4-A4C2-DAE03F5DE04D}.Debug|x64.ActiveCfg = Debug|Any CPU
		{2C886D38-3C2B-48A4-A4C2-DAE03F5DE04D}.Debug|x86.ActiveCfg = Debug|Any CPU
		{2C886D38-3C2B-48A4-A4C2-DAE03F5DE04D}.Release|Any CPU.ActiveCfg = Release|Any CPU
		{2C886D38-3C2B-48A4-A4C2-DAE03F5DE04D}.Release|Any CPU.Build.0 = Release|Any CPU
		{2C886D38-3C2B-48A4-A4C2-DAE03F5DE04D}.Release|ARM.ActiveCfg = Release|Any CPU
		{2C886D38-3C2B-48A4-A4C2-DAE03F5DE04D}.Release|iPhone.ActiveCfg = Release|Any CPU
		{2C886D38-3C2B-48A4-A4C2-DAE03F5DE04D}.Release|iPhoneSimulator.ActiveCfg = Release|Any CPU
		{2C886D38-3C2B-48A4-A4C2-DAE03F5DE04D}.Release|Mixed Platforms.ActiveCfg = Release|Any CPU
		{2C886D38-3C2B-48A4-A4C2-DAE03F5DE04D}.Release|Mixed Platforms.Build.0 = Release|Any CPU
		{2C886D38-3C2B-48A4-A4C2-DAE03F5DE04D}.Release|x64.ActiveCfg = Release|Any CPU
		{2C886D38-3C2B-48A4-A4C2-DAE03F5DE04D}.Release|x86.ActiveCfg = Release|Any CPU
	EndGlobalSection
	GlobalSection(SolutionProperties) = preSolution
		HideSolutionNode = FALSE
	EndGlobalSection
<<<<<<< HEAD
	GlobalSection(SharedMSBuildProjectFiles) = preSolution
		FamilyTasks.Mobile\FamilyTasks.Mobile\FamilyTasks.Mobile.projitems*{82b0ebd6-38b8-4e98-8828-16d8619c14c3}*SharedItemsImports = 13
		FamilyTasks.Mobile\FamilyTasks.Mobile\FamilyTasks.Mobile.projitems*{67665a7d-a825-4fee-a845-1280c5cc041c}*SharedItemsImports = 4
		FamilyTasks.Mobile\FamilyTasks.Mobile\FamilyTasks.Mobile.projitems*{9ff8cfc2-65ac-4fed-aa9a-fbe201714689}*SharedItemsImports = 4
		FamilyTasks.Mobile\FamilyTasks.Mobile\FamilyTasks.Mobile.projitems*{f2709e62-0bdd-4749-8437-96e9fde8b9d0}*SharedItemsImports = 4
=======
	GlobalSection(NestedProjects) = preSolution
		{2C886D38-3C2B-48A4-A4C2-DAE03F5DE04D} = {29F101C7-86E0-4C7F-A1E0-F53DE7CD097C}
>>>>>>> d79e8e5744f69f4dc8000f805cab31dde68858b8
	EndGlobalSection
EndGlobal
